
Microsoft Visual Studio Solution File, Format Version 12.00
# Visual Studio Version 16
VisualStudioVersion = 16.0.30907.101
MinimumVisualStudioVersion = 10.0.40219.1
Project("{FAE04EC0-301F-11D3-BF4B-00C04F79EFBC}") = "NumberSet", "NumberSet\NumberSet.csproj", "{4EC24FEA-E587-435E-8985-0F170A3533F6}"
EndProject
Project("{FAE04EC0-301F-11D3-BF4B-00C04F79EFBC}") = "NumberSet.Tests", "NumberSet.Tests\NumberSet.Tests.csproj", "{C9409F65-20D9-4C9A-A827-59C7C8F2D41F}"
EndProject
Global
	GlobalSection(SolutionConfigurationPlatforms) = preSolution
		Debug|Any CPU = Debug|Any CPU
		Release|Any CPU = Release|Any CPU
	EndGlobalSection
	GlobalSection(ProjectConfigurationPlatforms) = postSolution
		{4EC24FEA-E587-435E-8985-0F170A3533F6}.Debug|Any CPU.ActiveCfg = Debug|Any CPU
		{4EC24FEA-E587-435E-8985-0F170A3533F6}.Debug|Any CPU.Build.0 = Debug|Any CPU
		{4EC24FEA-E587-435E-8985-0F170A3533F6}.Release|Any CPU.ActiveCfg = Release|Any CPU
		{4EC24FEA-E587-435E-8985-0F170A3533F6}.Release|Any CPU.Build.0 = Release|Any CPU
		{C9409F65-20D9-4C9A-A827-59C7C8F2D41F}.Debug|Any CPU.ActiveCfg = Debug|Any CPU
		{C9409F65-20D9-4C9A-A827-59C7C8F2D41F}.Debug|Any CPU.Build.0 = Debug|Any CPU
		{C9409F65-20D9-4C9A-A827-59C7C8F2D41F}.Release|Any CPU.ActiveCfg = Release|Any CPU
		{C9409F65-20D9-4C9A-A827-59C7C8F2D41F}.Release|Any CPU.Build.0 = Release|Any CPU
	EndGlobalSection
	GlobalSection(SolutionProperties) = preSolution
		HideSolutionNode = FALSE
	EndGlobalSection
	GlobalSection(ExtensibilityGlobals) = postSolution
		SolutionGuid = {75D35B2B-A0EE-4FDC-849E-6370FB382B5C}
	EndGlobalSection
EndGlobal
